
Microsoft Visual Studio Solution File, Format Version 11.00
# Visual Studio 2010
Project("{FAE04EC0-301F-11D3-BF4B-00C04F79EFBC}") = "SDMO", "Assembly-CSharp.csproj", "{36C56CBF-3D23-48F2-7025-2BEAB0372519}"
EndProject
Project("{FAE04EC0-301F-11D3-BF4B-00C04F79EFBC}") = "SDMO", "Assembly-CSharp-Editor.csproj", "{A258752D-8D8D-1351-312F-3FEBC4E63918}"
EndProject
Global
	GlobalSection(SolutionConfigurationPlatforms) = preSolution
		Debug|Any CPU = Debug|Any CPU
		Release|Any CPU = Release|Any CPU
	EndGlobalSection
	GlobalSection(ProjectConfigurationPlatforms) = postSolution
		{36C56CBF-3D23-48F2-7025-2BEAB0372519}.Debug|Any CPU.ActiveCfg = Debug|Any CPU
		{36C56CBF-3D23-48F2-7025-2BEAB0372519}.Debug|Any CPU.Build.0 = Debug|Any CPU
		{36C56CBF-3D23-48F2-7025-2BEAB0372519}.Release|Any CPU.ActiveCfg = Release|Any CPU
		{36C56CBF-3D23-48F2-7025-2BEAB0372519}.Release|Any CPU.Build.0 = Release|Any CPU
		{A258752D-8D8D-1351-312F-3FEBC4E63918}.Debug|Any CPU.ActiveCfg = Debug|Any CPU
		{A258752D-8D8D-1351-312F-3FEBC4E63918}.Debug|Any CPU.Build.0 = Debug|Any CPU
		{A258752D-8D8D-1351-312F-3FEBC4E63918}.Release|Any CPU.ActiveCfg = Release|Any CPU
		{A258752D-8D8D-1351-312F-3FEBC4E63918}.Release|Any CPU.Build.0 = Release|Any CPU
	EndGlobalSection
	GlobalSection(SolutionProperties) = preSolution
		HideSolutionNode = FALSE
	EndGlobalSection
	GlobalSection(MonoDevelopProperties) = preSolution
		StartupItem = Assembly-CSharp.csproj
	EndGlobalSection
EndGlobal
